
Microsoft Visual Studio Solution File, Format Version 12.00
# Visual Studio 15
VisualStudioVersion = 15.0.28307.106
MinimumVisualStudioVersion = 10.0.40219.1
Project("{FAE04EC0-301F-11D3-BF4B-00C04F79EFBC}") = "bfGen", "bfGen\bfGen.csproj", "{93919EF3-9BD9-4326-BB81-A6246BD42FC0}"
EndProject
Global
	GlobalSection(SolutionConfigurationPlatforms) = preSolution
		Debug|Any CPU = Debug|Any CPU
		Release|Any CPU = Release|Any CPU
	EndGlobalSection
	GlobalSection(ProjectConfigurationPlatforms) = postSolution
		{93919EF3-9BD9-4326-BB81-A6246BD42FC0}.Debug|Any CPU.ActiveCfg = Debug|Any CPU
		{93919EF3-9BD9-4326-BB81-A6246BD42FC0}.Debug|Any CPU.Build.0 = Debug|Any CPU
		{93919EF3-9BD9-4326-BB81-A6246BD42FC0}.Release|Any CPU.ActiveCfg = Release|Any CPU
		{93919EF3-9BD9-4326-BB81-A6246BD42FC0}.Release|Any CPU.Build.0 = Release|Any CPU
	EndGlobalSection
	GlobalSection(SolutionProperties) = preSolution
		HideSolutionNode = FALSE
	EndGlobalSection
	GlobalSection(ExtensibilityGlobals) = postSolution
		SolutionGuid = {12F6A5AC-734E-4B54-9B31-60788C580CE8}
	EndGlobalSection
EndGlobal
